
Microsoft Visual Studio Solution File, Format Version 12.00
# Visual Studio for Mac
Project("{FAE04EC0-301F-11D3-BF4B-00C04F79EFBC}") = "Assembly-CSharp", "Assembly-CSharp.csproj", "{ECCFB8EA-353D-C38D-F598-314CC553F569}"
EndProject
Project("{FAE04EC0-301F-11D3-BF4B-00C04F79EFBC}") = "Assembly-CSharp-Editor", "Assembly-CSharp-Editor.csproj", "{8C5ECF52-8AAF-FC16-5D85-2D248D6FDE7E}"
EndProject
Global
	GlobalSection(SolutionConfigurationPlatforms) = preSolution
		Debug|Any CPU = Debug|Any CPU
		Release|Any CPU = Release|Any CPU
	EndGlobalSection
	GlobalSection(ProjectConfigurationPlatforms) = postSolution
		{ECCFB8EA-353D-C38D-F598-314CC553F569}.Debug|Any CPU.ActiveCfg = Debug|Any CPU
		{ECCFB8EA-353D-C38D-F598-314CC553F569}.Debug|Any CPU.Build.0 = Debug|Any CPU
		{ECCFB8EA-353D-C38D-F598-314CC553F569}.Release|Any CPU.ActiveCfg = Release|Any CPU
		{ECCFB8EA-353D-C38D-F598-314CC553F569}.Release|Any CPU.Build.0 = Release|Any CPU
		{8C5ECF52-8AAF-FC16-5D85-2D248D6FDE7E}.Debug|Any CPU.ActiveCfg = Debug|Any CPU
		{8C5ECF52-8AAF-FC16-5D85-2D248D6FDE7E}.Debug|Any CPU.Build.0 = Debug|Any CPU
		{8C5ECF52-8AAF-FC16-5D85-2D248D6FDE7E}.Release|Any CPU.ActiveCfg = Release|Any CPU
		{8C5ECF52-8AAF-FC16-5D85-2D248D6FDE7E}.Release|Any CPU.Build.0 = Release|Any CPU
	EndGlobalSection
	GlobalSection(SolutionProperties) = preSolution
		HideSolutionNode = FALSE
	EndGlobalSection
EndGlobal
